<Solution>
  <Project Path="FelineFeeder.Api\FelineFeeder.Api.csproj" />
  <Project Path="FelineFeeder.Application/FelineFeeder.Application.csproj" />
  <Project Path="FelineFeeder.Core\FelineFeeder.Core.csproj" />
  <Project Path="FelineFeeder.Infrastructure/FelineFeeder.Infrastructure.csproj" />
</Solution>
