<Solution>
  <Project Path="BrekkieBeacon.Api\BrekkieBeacon.Api.csproj" />
  <Project Path="BrekkieBeacon.Application\BrekkieBeacon.Application.csproj" />
  <Project Path="BrekkieBeacon.Core\BrekkieBeacon.Core.csproj" />
  <Project Path="BrekkieBeacon.Infrastructure\BrekkieBeacon.Infrastructure.csproj" />
</Solution>
